{
  "originHash" : "e6af88247e4c0cdb066bb53ff31f413a474252801e71c289b6841ce4395a4309",
  "pins" : [
    {
      "identity" : "aixplainkit",
      "kind" : "remoteSourceControl",
      "location" : "https://github.com/aixplain/aiXplainKit.git",
      "state" : {
        "branch" : "main",
        "revision" : "64a294ba688e88e62a4728d78129da4ce055bf00"
      }
    },
    {
      "identity" : "codableextensions",
      "kind" : "remoteSourceControl",
      "location" : "https://github.com/rvenieris/CodableExtensions.git",
      "state" : {
        "branch" : "main",
        "revision" : "8ab633e156c5b4e21ca0adcbe942ab78754c78cc"
      }
    }
  ],
  "version" : 3
}
