// !$*UTF8*$!
{
	archiveVersion = 1;
	classes = {
	};
	objectVersion = 56;
	objects = {

/* Begin PBXBuildFile section */
		F9D864492C2364F40023043A /* KurlandApp.swift in Sources */ = {isa = PBXBuildFile; fileRef = F9D864482C2364F40023043A /* KurlandApp.swift */; };
		F9D8644B2C2364F40023043A /* ContentView.swift in Sources */ = {isa = PBXBuildFile; fileRef = F9D8644A2C2364F40023043A /* ContentView.swift */; };
		F9D8644D2C2364F50023043A /* Assets.xcassets in Resources */ = {isa = PBXBuildFile; fileRef = F9D8644C2C2364F50023043A /* Assets.xcassets */; };
		F9D864502C2364F50023043A /* Preview Assets.xcassets in Resources */ = {isa = PBXBuildFile; fileRef = F9D8644F2C2364F50023043A /* Preview Assets.xcassets */; };
		F9D8645A2C2364F50023043A /* KurlandTests.swift in Sources */ = {isa = PBXBuildFile; fileRef = F9D864592C2364F50023043A /* KurlandTests.swift */; };
		F9D864642C2364F50023043A /* KurlandUITests.swift in Sources */ = {isa = PBXBuildFile; fileRef = F9D864632C2364F50023043A /* KurlandUITests.swift */; };
		F9D864662C2364F50023043A /* KurlandUITestsLaunchTests.swift in Sources */ = {isa = PBXBuildFile; fileRef = F9D864652C2364F50023043A /* KurlandUITestsLaunchTests.swift */; };
		F9D864762C236A7C0023043A /* MicController.swift in Sources */ = {isa = PBXBuildFile; fileRef = F9D864752C236A7C0023043A /* MicController.swift */; };
		F9D864782C236B320023043A /* CameraController.swift in Sources */ = {isa = PBXBuildFile; fileRef = F9D864772C236B320023043A /* CameraController.swift */; };
		F9D8647A2C237AF40023043A /* ConversaFinal1.swift in Sources */ = {isa = PBXBuildFile; fileRef = F9D864792C237AF40023043A /* ConversaFinal1.swift */; };
		F9D8647C2C237B190023043A /* ConversaFinal2.swift in Sources */ = {isa = PBXBuildFile; fileRef = F9D8647B2C237B190023043A /* ConversaFinal2.swift */; };
		F9D8647E2C237B4D0023043A /* JogoNatureza.swift in Sources */ = {isa = PBXBuildFile; fileRef = F9D8647D2C237B4D0023043A /* JogoNatureza.swift */; };
		F9D864802C237B8B0023043A /* JogoPedra.swift in Sources */ = {isa = PBXBuildFile; fileRef = F9D8647F2C237B8B0023043A /* JogoPedra.swift */; };
		F9D864822C237BCA0023043A /* PopUp-tela4.final.swift in Sources */ = {isa = PBXBuildFile; fileRef = F9D864812C237BCA0023043A /* PopUp-tela4.final.swift */; };
		F9D864842C237BE70023043A /* PopUp_Cabelo1.swift in Sources */ = {isa = PBXBuildFile; fileRef = F9D864832C237BE70023043A /* PopUp_Cabelo1.swift */; };
		F9D864862C237C130023043A /* PopUp_Cabelo2.swift in Sources */ = {isa = PBXBuildFile; fileRef = F9D864852C237C130023043A /* PopUp_Cabelo2.swift */; };
		F9D864882C237C4F0023043A /* PopUp-Tela4.swift in Sources */ = {isa = PBXBuildFile; fileRef = F9D864872C237C4F0023043A /* PopUp-Tela4.swift */; };
		F9D8648A2C237C6E0023043A /* Princesas.swift in Sources */ = {isa = PBXBuildFile; fileRef = F9D864892C237C6E0023043A /* Princesas.swift */; };
		F9D8648C2C237C8A0023043A /* RioCastelo.swift in Sources */ = {isa = PBXBuildFile; fileRef = F9D8648B2C237C8A0023043A /* RioCastelo.swift */; };
		F9D8648E2C237CA50023043A /* IntroAyana.swift in Sources */ = {isa = PBXBuildFile; fileRef = F9D8648D2C237CA50023043A /* IntroAyana.swift */; };
		F9D864902C237CBC0023043A /* AyanaTriste.swift in Sources */ = {isa = PBXBuildFile; fileRef = F9D8648F2C237CBC0023043A /* AyanaTriste.swift */; };
		F9D864922C237CCF0023043A /* Espelho.swift in Sources */ = {isa = PBXBuildFile; fileRef = F9D864912C237CCF0023043A /* Espelho.swift */; };
		F9D864942C237CE80023043A /* FriendsView.swift in Sources */ = {isa = PBXBuildFile; fileRef = F9D864932C237CE80023043A /* FriendsView.swift */; };
		F9D864962C237CFB0023043A /* EscolhasView.swift in Sources */ = {isa = PBXBuildFile; fileRef = F9D864952C237CFB0023043A /* EscolhasView.swift */; };
		F9D864982C237D160023043A /* TheEnd.swift in Sources */ = {isa = PBXBuildFile; fileRef = F9D864972C237D160023043A /* TheEnd.swift */; };
		F9D8649B2C2460EF0023043A /* musicaTriste.mp3 in Resources */ = {isa = PBXBuildFile; fileRef = F9D8649A2C2460EF0023043A /* musicaTriste.mp3 */; };
		F9D8649D2C2461560023043A /* casteloPronto.mp3 in Resources */ = {isa = PBXBuildFile; fileRef = F9D8649C2C2461560023043A /* casteloPronto.mp3 */; };
		F9D8649F2C2461A20023043A /* river.mp3 in Resources */ = {isa = PBXBuildFile; fileRef = F9D8649E2C2461A20023043A /* river.mp3 */; };
		F9D864A12C2461D00023043A /* taskCompleted.mp3 in Resources */ = {isa = PBXBuildFile; fileRef = F9D864A02C2461D00023043A /* taskCompleted.mp3 */; };
		F9D864A32C2462020023043A /* trilhaFinal.mp3 in Resources */ = {isa = PBXBuildFile; fileRef = F9D864A22C2462020023043A /* trilhaFinal.mp3 */; };
		F9D864A52C24629C0023043A /* trilhaJogos.mp3 in Resources */ = {isa = PBXBuildFile; fileRef = F9D864A42C24629C0023043A /* trilhaJogos.mp3 */; };
		F9D864A72C2462FA0023043A /* trilhaSonora.mp3 in Resources */ = {isa = PBXBuildFile; fileRef = F9D864A62C2462FA0023043A /* trilhaSonora.mp3 */; };
		F9D864A92C2465280023043A /* trilhaSemInicio.mp3 in Resources */ = {isa = PBXBuildFile; fileRef = F9D864A82C2465280023043A /* trilhaSemInicio.mp3 */; };
		F9D864AB2C2465790023043A /* twinkle.mp3 in Resources */ = {isa = PBXBuildFile; fileRef = F9D864AA2C2465790023043A /* twinkle.mp3 */; };
		F9D864AD2C2465CC0023043A /* PatrickHand-Regular.ttf in Resources */ = {isa = PBXBuildFile; fileRef = F9D864AC2C2465CC0023043A /* PatrickHand-Regular.ttf */; };
		F9D864B22C2470FF0023043A /* SoundPlayerController.swift in Sources */ = {isa = PBXBuildFile; fileRef = F9D864B12C2470FF0023043A /* SoundPlayerController.swift */; };
		F9D864B42C247CEF0023043A /* DAO.swift in Sources */ = {isa = PBXBuildFile; fileRef = F9D864B32C247CEF0023043A /* DAO.swift */; };
		F9D864B62C247D6D0023043A /* CodableExtensions in Frameworks */ = {isa = PBXBuildFile; productRef = F9D864B52C247D6D0023043A /* CodableExtensions */; };
		F9D864B92C247E8A0023043A /* Cenas.swift in Sources */ = {isa = PBXBuildFile; fileRef = F9D864B82C247E8A0023043A /* Cenas.swift */; };
		F9D864BB2C249D700023043A /* AppDelegateController.swift in Sources */ = {isa = PBXBuildFile; fileRef = F9D864BA2C249D700023043A /* AppDelegateController.swift */; };
		F9D864BD2C24A31A0023043A /* Diario.swift in Sources */ = {isa = PBXBuildFile; fileRef = F9D864BC2C24A3190023043A /* Diario.swift */; };
		F9D864BF2C24A4AC0023043A /* DiaryEntry.swift in Sources */ = {isa = PBXBuildFile; fileRef = F9D864BE2C24A4AC0023043A /* DiaryEntry.swift */; };
		F9D864C12C24CADF0023043A /* DiarySwipe.swift in Sources */ = {isa = PBXBuildFile; fileRef = F9D864C02C24CADF0023043A /* DiarySwipe.swift */; };
		F9D864C32C2C592B0023043A /* DiaryDisplay.swift in Sources */ = {isa = PBXBuildFile; fileRef = F9D864C22C2C592B0023043A /* DiaryDisplay.swift */; };
		F9D864C52C2CB5370023043A /* StellaDiary.swift in Sources */ = {isa = PBXBuildFile; fileRef = F9D864C42C2CB5370023043A /* StellaDiary.swift */; };
		F9D864C72C2CB85C0023043A /* GenerateAI.swift in Sources */ = {isa = PBXBuildFile; fileRef = F9D864C62C2CB85C0023043A /* GenerateAI.swift */; };
		F9D864C92C2CBA910023043A /* AiInfo.swift in Sources */ = {isa = PBXBuildFile; fileRef = F9D864C82C2CBA910023043A /* AiInfo.swift */; };
		F9D864CC2C2CC98C0023043A /* aiXplainKit in Frameworks */ = {isa = PBXBuildFile; productRef = F9D864CB2C2CC98C0023043A /* aiXplainKit */; };
		F9D864CE2C2CC9DF0023043A /* AIController.swift in Sources */ = {isa = PBXBuildFile; fileRef = F9D864CD2C2CC9DF0023043A /* AIController.swift */; };
		F9D864D02C2D95CB0023043A /* AiController+aiXplain.swift in Sources */ = {isa = PBXBuildFile; fileRef = F9D864CF2C2D95CB0023043A /* AiController+aiXplain.swift */; };
		F9D864D42C2D97F20023043A /* AiStory.swift in Sources */ = {isa = PBXBuildFile; fileRef = F9D864D32C2D97F20023043A /* AiStory.swift */; };
		F9D864D62C2D990A0023043A /* Story.swift in Sources */ = {isa = PBXBuildFile; fileRef = F9D864D52C2D990A0023043A /* Story.swift */; };
		F9D864D82C2D9EBB0023043A /* AppState.swift in Sources */ = {isa = PBXBuildFile; fileRef = F9D864D72C2D9EBB0023043A /* AppState.swift */; };
/* End PBXBuildFile section */

/* Begin PBXContainerItemProxy section */
		F9D864562C2364F50023043A /* PBXContainerItemProxy */ = {
			isa = PBXContainerItemProxy;
			containerPortal = F9D8643D2C2364F40023043A /* Project object */;
			proxyType = 1;
			remoteGlobalIDString = F9D864442C2364F40023043A;
			remoteInfo = Kurland;
		};
		F9D864602C2364F50023043A /* PBXContainerItemProxy */ = {
			isa = PBXContainerItemProxy;
			containerPortal = F9D8643D2C2364F40023043A /* Project object */;
			proxyType = 1;
			remoteGlobalIDString = F9D864442C2364F40023043A;
			remoteInfo = Kurland;
		};
/* End PBXContainerItemProxy section */

/* Begin PBXFileReference section */
		F9D864452C2364F40023043A /* Kurland.app */ = {isa = PBXFileReference; explicitFileType = wrapper.application; includeInIndex = 0; path = Kurland.app; sourceTree = BUILT_PRODUCTS_DIR; };
		F9D864482C2364F40023043A /* KurlandApp.swift */ = {isa = PBXFileReference; lastKnownFileType = sourcecode.swift; path = KurlandApp.swift; sourceTree = "<group>"; };
		F9D8644A2C2364F40023043A /* ContentView.swift */ = {isa = PBXFileReference; lastKnownFileType = sourcecode.swift; path = ContentView.swift; sourceTree = "<group>"; };
		F9D8644C2C2364F50023043A /* Assets.xcassets */ = {isa = PBXFileReference; lastKnownFileType = folder.assetcatalog; path = Assets.xcassets; sourceTree = "<group>"; };
		F9D8644F2C2364F50023043A /* Preview Assets.xcassets */ = {isa = PBXFileReference; lastKnownFileType = folder.assetcatalog; path = "Preview Assets.xcassets"; sourceTree = "<group>"; };
		F9D864552C2364F50023043A /* KurlandTests.xctest */ = {isa = PBXFileReference; explicitFileType = wrapper.cfbundle; includeInIndex = 0; path = KurlandTests.xctest; sourceTree = BUILT_PRODUCTS_DIR; };
		F9D864592C2364F50023043A /* KurlandTests.swift */ = {isa = PBXFileReference; lastKnownFileType = sourcecode.swift; path = KurlandTests.swift; sourceTree = "<group>"; };
		F9D8645F2C2364F50023043A /* KurlandUITests.xctest */ = {isa = PBXFileReference; explicitFileType = wrapper.cfbundle; includeInIndex = 0; path = KurlandUITests.xctest; sourceTree = BUILT_PRODUCTS_DIR; };
		F9D864632C2364F50023043A /* KurlandUITests.swift */ = {isa = PBXFileReference; lastKnownFileType = sourcecode.swift; path = KurlandUITests.swift; sourceTree = "<group>"; };
		F9D864652C2364F50023043A /* KurlandUITestsLaunchTests.swift */ = {isa = PBXFileReference; lastKnownFileType = sourcecode.swift; path = KurlandUITestsLaunchTests.swift; sourceTree = "<group>"; };
		F9D864752C236A7C0023043A /* MicController.swift */ = {isa = PBXFileReference; lastKnownFileType = sourcecode.swift; path = MicController.swift; sourceTree = "<group>"; };
		F9D864772C236B320023043A /* CameraController.swift */ = {isa = PBXFileReference; lastKnownFileType = sourcecode.swift; path = CameraController.swift; sourceTree = "<group>"; };
		F9D864792C237AF40023043A /* ConversaFinal1.swift */ = {isa = PBXFileReference; lastKnownFileType = sourcecode.swift; path = ConversaFinal1.swift; sourceTree = "<group>"; };
		F9D8647B2C237B190023043A /* ConversaFinal2.swift */ = {isa = PBXFileReference; lastKnownFileType = sourcecode.swift; path = ConversaFinal2.swift; sourceTree = "<group>"; };
		F9D8647D2C237B4D0023043A /* JogoNatureza.swift */ = {isa = PBXFileReference; lastKnownFileType = sourcecode.swift; path = JogoNatureza.swift; sourceTree = "<group>"; };
		F9D8647F2C237B8B0023043A /* JogoPedra.swift */ = {isa = PBXFileReference; lastKnownFileType = sourcecode.swift; path = JogoPedra.swift; sourceTree = "<group>"; };
		F9D864812C237BCA0023043A /* PopUp-tela4.final.swift */ = {isa = PBXFileReference; lastKnownFileType = sourcecode.swift; path = "PopUp-tela4.final.swift"; sourceTree = "<group>"; };
		F9D864832C237BE70023043A /* PopUp_Cabelo1.swift */ = {isa = PBXFileReference; lastKnownFileType = sourcecode.swift; path = PopUp_Cabelo1.swift; sourceTree = "<group>"; };
		F9D864852C237C130023043A /* PopUp_Cabelo2.swift */ = {isa = PBXFileReference; lastKnownFileType = sourcecode.swift; path = PopUp_Cabelo2.swift; sourceTree = "<group>"; };
		F9D864872C237C4F0023043A /* PopUp-Tela4.swift */ = {isa = PBXFileReference; lastKnownFileType = sourcecode.swift; path = "PopUp-Tela4.swift"; sourceTree = "<group>"; };
		F9D864892C237C6E0023043A /* Princesas.swift */ = {isa = PBXFileReference; lastKnownFileType = sourcecode.swift; path = Princesas.swift; sourceTree = "<group>"; };
		F9D8648B2C237C8A0023043A /* RioCastelo.swift */ = {isa = PBXFileReference; lastKnownFileType = sourcecode.swift; path = RioCastelo.swift; sourceTree = "<group>"; };
		F9D8648D2C237CA50023043A /* IntroAyana.swift */ = {isa = PBXFileReference; lastKnownFileType = sourcecode.swift; path = IntroAyana.swift; sourceTree = "<group>"; };
		F9D8648F2C237CBC0023043A /* AyanaTriste.swift */ = {isa = PBXFileReference; lastKnownFileType = sourcecode.swift; path = AyanaTriste.swift; sourceTree = "<group>"; };
		F9D864912C237CCF0023043A /* Espelho.swift */ = {isa = PBXFileReference; lastKnownFileType = sourcecode.swift; path = Espelho.swift; sourceTree = "<group>"; };
		F9D864932C237CE80023043A /* FriendsView.swift */ = {isa = PBXFileReference; lastKnownFileType = sourcecode.swift; path = FriendsView.swift; sourceTree = "<group>"; };
		F9D864952C237CFB0023043A /* EscolhasView.swift */ = {isa = PBXFileReference; lastKnownFileType = sourcecode.swift; path = EscolhasView.swift; sourceTree = "<group>"; };
		F9D864972C237D160023043A /* TheEnd.swift */ = {isa = PBXFileReference; lastKnownFileType = sourcecode.swift; path = TheEnd.swift; sourceTree = "<group>"; };
		F9D8649A2C2460EF0023043A /* musicaTriste.mp3 */ = {isa = PBXFileReference; lastKnownFileType = audio.mp3; name = musicaTriste.mp3; path = "../../../../../../Music/Music/Media.localized/Music/Jon Björk/Unknown Album/musicaTriste.mp3"; sourceTree = "<group>"; };
		F9D8649C2C2461560023043A /* casteloPronto.mp3 */ = {isa = PBXFileReference; lastKnownFileType = audio.mp3; name = casteloPronto.mp3; path = "../../../../../../Music/Music/Media.localized/Music/SFX Producer/Unknown Album/casteloPronto.mp3"; sourceTree = "<group>"; };
		F9D8649E2C2461A20023043A /* river.mp3 */ = {isa = PBXFileReference; lastKnownFileType = audio.mp3; name = river.mp3; path = "../../../../../../Music/Music/Media.localized/Music/SFX Producer/Unknown Album/river.mp3"; sourceTree = "<group>"; };
		F9D864A02C2461D00023043A /* taskCompleted.mp3 */ = {isa = PBXFileReference; lastKnownFileType = audio.mp3; name = taskCompleted.mp3; path = "../../../../../../Music/Music/Media.localized/Music/SFX Producer/Unknown Album/taskCompleted.mp3"; sourceTree = "<group>"; };
		F9D864A22C2462020023043A /* trilhaFinal.mp3 */ = {isa = PBXFileReference; lastKnownFileType = audio.mp3; name = trilhaFinal.mp3; path = "../../../../../../Music/Music/Media.localized/Music/Francis Wells/Unknown Album/trilhaFinal.mp3"; sourceTree = "<group>"; };
		F9D864A42C24629C0023043A /* trilhaJogos.mp3 */ = {isa = PBXFileReference; lastKnownFileType = audio.mp3; name = trilhaJogos.mp3; path = "../../../../../../Music/Music/Media.localized/Music/Adriel Fair/Unknown Album/trilhaJogos.mp3"; sourceTree = "<group>"; };
		F9D864A62C2462FA0023043A /* trilhaSonora.mp3 */ = {isa = PBXFileReference; lastKnownFileType = audio.mp3; name = trilhaSonora.mp3; path = "../../../../../../Music/Music/Media.localized/Music/Jon Björk/Unknown Album/trilhaSonora.mp3"; sourceTree = "<group>"; };
		F9D864A82C2465280023043A /* trilhaSemInicio.mp3 */ = {isa = PBXFileReference; lastKnownFileType = audio.mp3; name = trilhaSemInicio.mp3; path = ../../../../../../Desktop/trilhaSemInicio.mp3; sourceTree = "<group>"; };
		F9D864AA2C2465790023043A /* twinkle.mp3 */ = {isa = PBXFileReference; lastKnownFileType = audio.mp3; name = twinkle.mp3; path = "../../../../../../Music/Music/Media.localized/Music/SFX Producer/Unknown Album/twinkle.mp3"; sourceTree = "<group>"; };
		F9D864AC2C2465CC0023043A /* PatrickHand-Regular.ttf */ = {isa = PBXFileReference; lastKnownFileType = file; name = "PatrickHand-Regular.ttf"; path = "../../../../../../Library/Mobile Documents/com~apple~CloudDocs/Downloads/Kurland.swiftpm 2/Resources/PatrickHand-Regular.ttf"; sourceTree = "<group>"; };
		F9D864AE2C2465D10023043A /* PatrickHand-Regular.ttf */ = {isa = PBXFileReference; lastKnownFileType = file; path = "PatrickHand-Regular.ttf"; sourceTree = "<group>"; };
		F9D864AF2C2467500023043A /* Info.plist */ = {isa = PBXFileReference; lastKnownFileType = text.plist; path = Info.plist; sourceTree = "<group>"; };
		F9D864B12C2470FF0023043A /* SoundPlayerController.swift */ = {isa = PBXFileReference; lastKnownFileType = sourcecode.swift; path = SoundPlayerController.swift; sourceTree = "<group>"; };
		F9D864B32C247CEF0023043A /* DAO.swift */ = {isa = PBXFileReference; lastKnownFileType = sourcecode.swift; path = DAO.swift; sourceTree = "<group>"; };
		F9D864B82C247E8A0023043A /* Cenas.swift */ = {isa = PBXFileReference; lastKnownFileType = sourcecode.swift; path = Cenas.swift; sourceTree = "<group>"; };
		F9D864BA2C249D700023043A /* AppDelegateController.swift */ = {isa = PBXFileReference; lastKnownFileType = sourcecode.swift; path = AppDelegateController.swift; sourceTree = "<group>"; };
		F9D864BC2C24A3190023043A /* Diario.swift */ = {isa = PBXFileReference; lastKnownFileType = sourcecode.swift; path = Diario.swift; sourceTree = "<group>"; };
		F9D864BE2C24A4AC0023043A /* DiaryEntry.swift */ = {isa = PBXFileReference; lastKnownFileType = sourcecode.swift; path = DiaryEntry.swift; sourceTree = "<group>"; };
		F9D864C02C24CADF0023043A /* DiarySwipe.swift */ = {isa = PBXFileReference; lastKnownFileType = sourcecode.swift; path = DiarySwipe.swift; sourceTree = "<group>"; };
		F9D864C22C2C592B0023043A /* DiaryDisplay.swift */ = {isa = PBXFileReference; lastKnownFileType = sourcecode.swift; path = DiaryDisplay.swift; sourceTree = "<group>"; };
		F9D864C42C2CB5370023043A /* StellaDiary.swift */ = {isa = PBXFileReference; lastKnownFileType = sourcecode.swift; path = StellaDiary.swift; sourceTree = "<group>"; };
		F9D864C62C2CB85C0023043A /* GenerateAI.swift */ = {isa = PBXFileReference; lastKnownFileType = sourcecode.swift; path = GenerateAI.swift; sourceTree = "<group>"; };
		F9D864C82C2CBA910023043A /* AiInfo.swift */ = {isa = PBXFileReference; lastKnownFileType = sourcecode.swift; path = AiInfo.swift; sourceTree = "<group>"; };
		F9D864CD2C2CC9DF0023043A /* AIController.swift */ = {isa = PBXFileReference; lastKnownFileType = sourcecode.swift; path = AIController.swift; sourceTree = "<group>"; };
		F9D864CF2C2D95CB0023043A /* AiController+aiXplain.swift */ = {isa = PBXFileReference; lastKnownFileType = sourcecode.swift; path = "AiController+aiXplain.swift"; sourceTree = "<group>"; };
		F9D864D32C2D97F20023043A /* AiStory.swift */ = {isa = PBXFileReference; lastKnownFileType = sourcecode.swift; path = AiStory.swift; sourceTree = "<group>"; };
		F9D864D52C2D990A0023043A /* Story.swift */ = {isa = PBXFileReference; lastKnownFileType = sourcecode.swift; path = Story.swift; sourceTree = "<group>"; };
		F9D864D72C2D9EBB0023043A /* AppState.swift */ = {isa = PBXFileReference; lastKnownFileType = sourcecode.swift; path = AppState.swift; sourceTree = "<group>"; };
/* End PBXFileReference section */

/* Begin PBXFrameworksBuildPhase section */
		F9D864422C2364F40023043A /* Frameworks */ = {
			isa = PBXFrameworksBuildPhase;
			buildActionMask = 2147483647;
			files = (
				F9D864B62C247D6D0023043A /* CodableExtensions in Frameworks */,
				F9D864CC2C2CC98C0023043A /* aiXplainKit in Frameworks */,
			);
			runOnlyForDeploymentPostprocessing = 0;
		};
		F9D864522C2364F50023043A /* Frameworks */ = {
			isa = PBXFrameworksBuildPhase;
			buildActionMask = 2147483647;
			files = (
			);
			runOnlyForDeploymentPostprocessing = 0;
		};
		F9D8645C2C2364F50023043A /* Frameworks */ = {
			isa = PBXFrameworksBuildPhase;
			buildActionMask = 2147483647;
			files = (
			);
			runOnlyForDeploymentPostprocessing = 0;
		};
/* End PBXFrameworksBuildPhase section */

/* Begin PBXGroup section */
		F9D8643C2C2364F40023043A = {
			isa = PBXGroup;
			children = (
				F9D864472C2364F40023043A /* Kurland */,
				F9D864582C2364F50023043A /* KurlandTests */,
				F9D864622C2364F50023043A /* KurlandUITests */,
				F9D864462C2364F40023043A /* Products */,
			);
			sourceTree = "<group>";
		};
		F9D864462C2364F40023043A /* Products */ = {
			isa = PBXGroup;
			children = (
				F9D864452C2364F40023043A /* Kurland.app */,
				F9D864552C2364F50023043A /* KurlandTests.xctest */,
				F9D8645F2C2364F50023043A /* KurlandUITests.xctest */,
			);
			name = Products;
			sourceTree = "<group>";
		};
		F9D864472C2364F40023043A /* Kurland */ = {
			isa = PBXGroup;
			children = (
				F9D864AF2C2467500023043A /* Info.plist */,
				F9D864B72C247E620023043A /* Models */,
				F9D864722C2369CA0023043A /* Controller */,
				F9D864742C2369E40023043A /* Views */,
				F9D864482C2364F40023043A /* KurlandApp.swift */,
				F9D8644C2C2364F50023043A /* Assets.xcassets */,
				F9D864AE2C2465D10023043A /* PatrickHand-Regular.ttf */,
				F9D864992C2460490023043A /* SoundEffects */,
				F9D8644E2C2364F50023043A /* Preview Content */,
			);
			path = Kurland;
			sourceTree = "<group>";
		};
		F9D8644E2C2364F50023043A /* Preview Content */ = {
			isa = PBXGroup;
			children = (
				F9D8644F2C2364F50023043A /* Preview Assets.xcassets */,
			);
			path = "Preview Content";
			sourceTree = "<group>";
		};
		F9D864582C2364F50023043A /* KurlandTests */ = {
			isa = PBXGroup;
			children = (
				F9D864592C2364F50023043A /* KurlandTests.swift */,
			);
			path = KurlandTests;
			sourceTree = "<group>";
		};
		F9D864622C2364F50023043A /* KurlandUITests */ = {
			isa = PBXGroup;
			children = (
				F9D864632C2364F50023043A /* KurlandUITests.swift */,
				F9D864652C2364F50023043A /* KurlandUITestsLaunchTests.swift */,
			);
			path = KurlandUITests;
			sourceTree = "<group>";
		};
		F9D864722C2369CA0023043A /* Controller */ = {
			isa = PBXGroup;
			children = (
				F9D864752C236A7C0023043A /* MicController.swift */,
				F9D864772C236B320023043A /* CameraController.swift */,
				F9D864B12C2470FF0023043A /* SoundPlayerController.swift */,
				F9D864B32C247CEF0023043A /* DAO.swift */,
				F9D864BA2C249D700023043A /* AppDelegateController.swift */,
				F9D864CD2C2CC9DF0023043A /* AIController.swift */,
				F9D864CF2C2D95CB0023043A /* AiController+aiXplain.swift */,
			);
			path = Controller;
			sourceTree = "<group>";
		};
		F9D864742C2369E40023043A /* Views */ = {
			isa = PBXGroup;
			children = (
				F9D8644A2C2364F40023043A /* ContentView.swift */,
				F9D8648D2C237CA50023043A /* IntroAyana.swift */,
				F9D8648F2C237CBC0023043A /* AyanaTriste.swift */,
				F9D864872C237C4F0023043A /* PopUp-Tela4.swift */,
				F9D864912C237CCF0023043A /* Espelho.swift */,
				F9D864812C237BCA0023043A /* PopUp-tela4.final.swift */,
				F9D864932C237CE80023043A /* FriendsView.swift */,
				F9D864952C237CFB0023043A /* EscolhasView.swift */,
				F9D864832C237BE70023043A /* PopUp_Cabelo1.swift */,
				F9D8647D2C237B4D0023043A /* JogoNatureza.swift */,
				F9D864852C237C130023043A /* PopUp_Cabelo2.swift */,
				F9D8647F2C237B8B0023043A /* JogoPedra.swift */,
				F9D8648B2C237C8A0023043A /* RioCastelo.swift */,
				F9D864792C237AF40023043A /* ConversaFinal1.swift */,
				F9D8647B2C237B190023043A /* ConversaFinal2.swift */,
				F9D864892C237C6E0023043A /* Princesas.swift */,
				F9D864972C237D160023043A /* TheEnd.swift */,
				F9D864BE2C24A4AC0023043A /* DiaryEntry.swift */,
				F9D864C02C24CADF0023043A /* DiarySwipe.swift */,
				F9D864C22C2C592B0023043A /* DiaryDisplay.swift */,
				F9D864C42C2CB5370023043A /* StellaDiary.swift */,
				F9D864C62C2CB85C0023043A /* GenerateAI.swift */,
				F9D864C82C2CBA910023043A /* AiInfo.swift */,
				F9D864D32C2D97F20023043A /* AiStory.swift */,
			);
			path = Views;
			sourceTree = "<group>";
		};
		F9D864992C2460490023043A /* SoundEffects */ = {
			isa = PBXGroup;
			children = (
				F9D864AC2C2465CC0023043A /* PatrickHand-Regular.ttf */,
				F9D864A02C2461D00023043A /* taskCompleted.mp3 */,
				F9D864A22C2462020023043A /* trilhaFinal.mp3 */,
				F9D864A62C2462FA0023043A /* trilhaSonora.mp3 */,
				F9D864A82C2465280023043A /* trilhaSemInicio.mp3 */,
				F9D8649E2C2461A20023043A /* river.mp3 */,
				F9D864AA2C2465790023043A /* twinkle.mp3 */,
				F9D8649C2C2461560023043A /* casteloPronto.mp3 */,
				F9D864A42C24629C0023043A /* trilhaJogos.mp3 */,
				F9D8649A2C2460EF0023043A /* musicaTriste.mp3 */,
			);
			path = SoundEffects;
			sourceTree = "<group>";
		};
		F9D864B72C247E620023043A /* Models */ = {
			isa = PBXGroup;
			children = (
				F9D864B82C247E8A0023043A /* Cenas.swift */,
				F9D864BC2C24A3190023043A /* Diario.swift */,
				F9D864D52C2D990A0023043A /* Story.swift */,
				F9D864D72C2D9EBB0023043A /* AppState.swift */,
			);
			path = Models;
			sourceTree = "<group>";
		};
/* End PBXGroup section */

/* Begin PBXNativeTarget section */
		F9D864442C2364F40023043A /* Kurland */ = {
			isa = PBXNativeTarget;
			buildConfigurationList = F9D864692C2364F50023043A /* Build configuration list for PBXNativeTarget "Kurland" */;
			buildPhases = (
				F9D864412C2364F40023043A /* Sources */,
				F9D864422C2364F40023043A /* Frameworks */,
				F9D864432C2364F40023043A /* Resources */,
			);
			buildRules = (
			);
			dependencies = (
			);
			name = Kurland;
			packageProductDependencies = (
				F9D864B52C247D6D0023043A /* CodableExtensions */,
				F9D864CB2C2CC98C0023043A /* aiXplainKit */,
			);
			productName = Kurland;
			productReference = F9D864452C2364F40023043A /* Kurland.app */;
			productType = "com.apple.product-type.application";
		};
		F9D864542C2364F50023043A /* KurlandTests */ = {
			isa = PBXNativeTarget;
			buildConfigurationList = F9D8646C2C2364F50023043A /* Build configuration list for PBXNativeTarget "KurlandTests" */;
			buildPhases = (
				F9D864512C2364F50023043A /* Sources */,
				F9D864522C2364F50023043A /* Frameworks */,
				F9D864532C2364F50023043A /* Resources */,
			);
			buildRules = (
			);
			dependencies = (
				F9D864572C2364F50023043A /* PBXTargetDependency */,
			);
			name = KurlandTests;
			productName = KurlandTests;
			productReference = F9D864552C2364F50023043A /* KurlandTests.xctest */;
			productType = "com.apple.product-type.bundle.unit-test";
		};
		F9D8645E2C2364F50023043A /* KurlandUITests */ = {
			isa = PBXNativeTarget;
			buildConfigurationList = F9D8646F2C2364F50023043A /* Build configuration list for PBXNativeTarget "KurlandUITests" */;
			buildPhases = (
				F9D8645B2C2364F50023043A /* Sources */,
				F9D8645C2C2364F50023043A /* Frameworks */,
				F9D8645D2C2364F50023043A /* Resources */,
			);
			buildRules = (
			);
			dependencies = (
				F9D864612C2364F50023043A /* PBXTargetDependency */,
			);
			name = KurlandUITests;
			productName = KurlandUITests;
			productReference = F9D8645F2C2364F50023043A /* KurlandUITests.xctest */;
			productType = "com.apple.product-type.bundle.ui-testing";
		};
/* End PBXNativeTarget section */

/* Begin PBXProject section */
		F9D8643D2C2364F40023043A /* Project object */ = {
			isa = PBXProject;
			attributes = {
				BuildIndependentTargetsInParallel = 1;
				LastSwiftUpdateCheck = 1530;
				LastUpgradeCheck = 1530;
				TargetAttributes = {
					F9D864442C2364F40023043A = {
						CreatedOnToolsVersion = 15.3;
					};
					F9D864542C2364F50023043A = {
						CreatedOnToolsVersion = 15.3;
						TestTargetID = F9D864442C2364F40023043A;
					};
					F9D8645E2C2364F50023043A = {
						CreatedOnToolsVersion = 15.3;
						TestTargetID = F9D864442C2364F40023043A;
					};
				};
			};
			buildConfigurationList = F9D864402C2364F40023043A /* Build configuration list for PBXProject "Kurland" */;
			compatibilityVersion = "Xcode 14.0";
			developmentRegion = en;
			hasScannedForEncodings = 0;
			knownRegions = (
				en,
				Base,
			);
			mainGroup = F9D8643C2C2364F40023043A;
			packageReferences = (
				F9D864B02C246C210023043A /* XCRemoteSwiftPackageReference "CodableExtensions" */,
				F9D864CA2C2CC98C0023043A /* XCRemoteSwiftPackageReference "aiXplainKit" */,
			);
			productRefGroup = F9D864462C2364F40023043A /* Products */;
			projectDirPath = "";
			projectRoot = "";
			targets = (
				F9D864442C2364F40023043A /* Kurland */,
				F9D864542C2364F50023043A /* KurlandTests */,
				F9D8645E2C2364F50023043A /* KurlandUITests */,
			);
		};
/* End PBXProject section */

/* Begin PBXResourcesBuildPhase section */
		F9D864432C2364F40023043A /* Resources */ = {
			isa = PBXResourcesBuildPhase;
			buildActionMask = 2147483647;
			files = (
				F9D864AB2C2465790023043A /* twinkle.mp3 in Resources */,
				F9D864A32C2462020023043A /* trilhaFinal.mp3 in Resources */,
				F9D864502C2364F50023043A /* Preview Assets.xcassets in Resources */,
				F9D8649B2C2460EF0023043A /* musicaTriste.mp3 in Resources */,
				F9D864A92C2465280023043A /* trilhaSemInicio.mp3 in Resources */,
				F9D864A52C24629C0023043A /* trilhaJogos.mp3 in Resources */,
				F9D8644D2C2364F50023043A /* Assets.xcassets in Resources */,
				F9D864A12C2461D00023043A /* taskCompleted.mp3 in Resources */,
				F9D8649F2C2461A20023043A /* river.mp3 in Resources */,
				F9D8649D2C2461560023043A /* casteloPronto.mp3 in Resources */,
				F9D864A72C2462FA0023043A /* trilhaSonora.mp3 in Resources */,
				F9D864AD2C2465CC0023043A /* PatrickHand-Regular.ttf in Resources */,
			);
			runOnlyForDeploymentPostprocessing = 0;
		};
		F9D864532C2364F50023043A /* Resources */ = {
			isa = PBXResourcesBuildPhase;
			buildActionMask = 2147483647;
			files = (
			);
			runOnlyForDeploymentPostprocessing = 0;
		};
		F9D8645D2C2364F50023043A /* Resources */ = {
			isa = PBXResourcesBuildPhase;
			buildActionMask = 2147483647;
			files = (
			);
			runOnlyForDeploymentPostprocessing = 0;
		};
/* End PBXResourcesBuildPhase section */

/* Begin PBXSourcesBuildPhase section */
		F9D864412C2364F40023043A /* Sources */ = {
			isa = PBXSourcesBuildPhase;
			buildActionMask = 2147483647;
			files = (
				F9D864B92C247E8A0023043A /* Cenas.swift in Sources */,
				F9D8644B2C2364F40023043A /* ContentView.swift in Sources */,
				F9D8648A2C237C6E0023043A /* Princesas.swift in Sources */,
				F9D864D82C2D9EBB0023043A /* AppState.swift in Sources */,
				F9D8648C2C237C8A0023043A /* RioCastelo.swift in Sources */,
				F9D8647A2C237AF40023043A /* ConversaFinal1.swift in Sources */,
				F9D864862C237C130023043A /* PopUp_Cabelo2.swift in Sources */,
				F9D8647E2C237B4D0023043A /* JogoNatureza.swift in Sources */,
				F9D864822C237BCA0023043A /* PopUp-tela4.final.swift in Sources */,
				F9D864982C237D160023043A /* TheEnd.swift in Sources */,
				F9D864D42C2D97F20023043A /* AiStory.swift in Sources */,
				F9D864B42C247CEF0023043A /* DAO.swift in Sources */,
				F9D864962C237CFB0023043A /* EscolhasView.swift in Sources */,
				F9D864BD2C24A31A0023043A /* Diario.swift in Sources */,
				F9D864C52C2CB5370023043A /* StellaDiary.swift in Sources */,
				F9D864D62C2D990A0023043A /* Story.swift in Sources */,
				F9D864942C237CE80023043A /* FriendsView.swift in Sources */,
				F9D864842C237BE70023043A /* PopUp_Cabelo1.swift in Sources */,
				F9D8647C2C237B190023043A /* ConversaFinal2.swift in Sources */,
				F9D864C72C2CB85C0023043A /* GenerateAI.swift in Sources */,
				F9D864B22C2470FF0023043A /* SoundPlayerController.swift in Sources */,
				F9D864882C237C4F0023043A /* PopUp-Tela4.swift in Sources */,
				F9D8648E2C237CA50023043A /* IntroAyana.swift in Sources */,
				F9D864922C237CCF0023043A /* Espelho.swift in Sources */,
				F9D864C12C24CADF0023043A /* DiarySwipe.swift in Sources */,
				F9D864492C2364F40023043A /* KurlandApp.swift in Sources */,
				F9D864C92C2CBA910023043A /* AiInfo.swift in Sources */,
				F9D864802C237B8B0023043A /* JogoPedra.swift in Sources */,
				F9D864782C236B320023043A /* CameraController.swift in Sources */,
				F9D864D02C2D95CB0023043A /* AiController+aiXplain.swift in Sources */,
				F9D864762C236A7C0023043A /* MicController.swift in Sources */,
				F9D864CE2C2CC9DF0023043A /* AIController.swift in Sources */,
				F9D864C32C2C592B0023043A /* DiaryDisplay.swift in Sources */,
				F9D864BB2C249D700023043A /* AppDelegateController.swift in Sources */,
				F9D864BF2C24A4AC0023043A /* DiaryEntry.swift in Sources */,
				F9D864902C237CBC0023043A /* AyanaTriste.swift in Sources */,
			);
			runOnlyForDeploymentPostprocessing = 0;
		};
		F9D864512C2364F50023043A /* Sources */ = {
			isa = PBXSourcesBuildPhase;
			buildActionMask = 2147483647;
			files = (
				F9D8645A2C2364F50023043A /* KurlandTests.swift in Sources */,
			);
			runOnlyForDeploymentPostprocessing = 0;
		};
		F9D8645B2C2364F50023043A /* Sources */ = {
			isa = PBXSourcesBuildPhase;
			buildActionMask = 2147483647;
			files = (
				F9D864662C2364F50023043A /* KurlandUITestsLaunchTests.swift in Sources */,
				F9D864642C2364F50023043A /* KurlandUITests.swift in Sources */,
			);
			runOnlyForDeploymentPostprocessing = 0;
		};
/* End PBXSourcesBuildPhase section */

/* Begin PBXTargetDependency section */
		F9D864572C2364F50023043A /* PBXTargetDependency */ = {
			isa = PBXTargetDependency;
			target = F9D864442C2364F40023043A /* Kurland */;
			targetProxy = F9D864562C2364F50023043A /* PBXContainerItemProxy */;
		};
		F9D864612C2364F50023043A /* PBXTargetDependency */ = {
			isa = PBXTargetDependency;
			target = F9D864442C2364F40023043A /* Kurland */;
			targetProxy = F9D864602C2364F50023043A /* PBXContainerItemProxy */;
		};
/* End PBXTargetDependency section */

/* Begin XCBuildConfiguration section */
		F9D864672C2364F50023043A /* Debug */ = {
			isa = XCBuildConfiguration;
			buildSettings = {
				ALWAYS_SEARCH_USER_PATHS = NO;
				ASSETCATALOG_COMPILER_GENERATE_SWIFT_ASSET_SYMBOL_EXTENSIONS = YES;
				CLANG_ANALYZER_NONNULL = YES;
				CLANG_ANALYZER_NUMBER_OBJECT_CONVERSION = YES_AGGRESSIVE;
				CLANG_CXX_LANGUAGE_STANDARD = "gnu++20";
				CLANG_ENABLE_MODULES = YES;
				CLANG_ENABLE_OBJC_ARC = YES;
				CLANG_ENABLE_OBJC_WEAK = YES;
				CLANG_WARN_BLOCK_CAPTURE_AUTORELEASING = YES;
				CLANG_WARN_BOOL_CONVERSION = YES;
				CLANG_WARN_COMMA = YES;
				CLANG_WARN_CONSTANT_CONVERSION = YES;
				CLANG_WARN_DEPRECATED_OBJC_IMPLEMENTATIONS = YES;
				CLANG_WARN_DIRECT_OBJC_ISA_USAGE = YES_ERROR;
				CLANG_WARN_DOCUMENTATION_COMMENTS = YES;
				CLANG_WARN_EMPTY_BODY = YES;
				CLANG_WARN_ENUM_CONVERSION = YES;
				CLANG_WARN_INFINITE_RECURSION = YES;
				CLANG_WARN_INT_CONVERSION = YES;
				CLANG_WARN_NON_LITERAL_NULL_CONVERSION = YES;
				CLANG_WARN_OBJC_IMPLICIT_RETAIN_SELF = YES;
				CLANG_WARN_OBJC_LITERAL_CONVERSION = YES;
				CLANG_WARN_OBJC_ROOT_CLASS = YES_ERROR;
				CLANG_WARN_QUOTED_INCLUDE_IN_FRAMEWORK_HEADER = YES;
				CLANG_WARN_RANGE_LOOP_ANALYSIS = YES;
				CLANG_WARN_STRICT_PROTOTYPES = YES;
				CLANG_WARN_SUSPICIOUS_MOVE = YES;
				CLANG_WARN_UNGUARDED_AVAILABILITY = YES_AGGRESSIVE;
				CLANG_WARN_UNREACHABLE_CODE = YES;
				CLANG_WARN__DUPLICATE_METHOD_MATCH = YES;
				COPY_PHASE_STRIP = NO;
				DEBUG_INFORMATION_FORMAT = dwarf;
				ENABLE_STRICT_OBJC_MSGSEND = YES;
				ENABLE_TESTABILITY = YES;
				ENABLE_USER_SCRIPT_SANDBOXING = YES;
				GCC_C_LANGUAGE_STANDARD = gnu17;
				GCC_DYNAMIC_NO_PIC = NO;
				GCC_NO_COMMON_BLOCKS = YES;
				GCC_OPTIMIZATION_LEVEL = 0;
				GCC_PREPROCESSOR_DEFINITIONS = (
					"DEBUG=1",
					"$(inherited)",
				);
				GCC_WARN_64_TO_32_BIT_CONVERSION = YES;
				GCC_WARN_ABOUT_RETURN_TYPE = YES_ERROR;
				GCC_WARN_UNDECLARED_SELECTOR = YES;
				GCC_WARN_UNINITIALIZED_AUTOS = YES_AGGRESSIVE;
				GCC_WARN_UNUSED_FUNCTION = YES;
				GCC_WARN_UNUSED_VARIABLE = YES;
				IPHONEOS_DEPLOYMENT_TARGET = 17.4;
				LOCALIZATION_PREFERS_STRING_CATALOGS = YES;
				MTL_ENABLE_DEBUG_INFO = INCLUDE_SOURCE;
				MTL_FAST_MATH = YES;
				ONLY_ACTIVE_ARCH = YES;
				SDKROOT = iphoneos;
				SWIFT_ACTIVE_COMPILATION_CONDITIONS = "DEBUG $(inherited)";
				SWIFT_OPTIMIZATION_LEVEL = "-Onone";
			};
			name = Debug;
		};
		F9D864682C2364F50023043A /* Release */ = {
			isa = XCBuildConfiguration;
			buildSettings = {
				ALWAYS_SEARCH_USER_PATHS = NO;
				ASSETCATALOG_COMPILER_GENERATE_SWIFT_ASSET_SYMBOL_EXTENSIONS = YES;
				CLANG_ANALYZER_NONNULL = YES;
				CLANG_ANALYZER_NUMBER_OBJECT_CONVERSION = YES_AGGRESSIVE;
				CLANG_CXX_LANGUAGE_STANDARD = "gnu++20";
				CLANG_ENABLE_MODULES = YES;
				CLANG_ENABLE_OBJC_ARC = YES;
				CLANG_ENABLE_OBJC_WEAK = YES;
				CLANG_WARN_BLOCK_CAPTURE_AUTORELEASING = YES;
				CLANG_WARN_BOOL_CONVERSION = YES;
				CLANG_WARN_COMMA = YES;
				CLANG_WARN_CONSTANT_CONVERSION = YES;
				CLANG_WARN_DEPRECATED_OBJC_IMPLEMENTATIONS = YES;
				CLANG_WARN_DIRECT_OBJC_ISA_USAGE = YES_ERROR;
				CLANG_WARN_DOCUMENTATION_COMMENTS = YES;
				CLANG_WARN_EMPTY_BODY = YES;
				CLANG_WARN_ENUM_CONVERSION = YES;
				CLANG_WARN_INFINITE_RECURSION = YES;
				CLANG_WARN_INT_CONVERSION = YES;
				CLANG_WARN_NON_LITERAL_NULL_CONVERSION = YES;
				CLANG_WARN_OBJC_IMPLICIT_RETAIN_SELF = YES;
				CLANG_WARN_OBJC_LITERAL_CONVERSION = YES;
				CLANG_WARN_OBJC_ROOT_CLASS = YES_ERROR;
				CLANG_WARN_QUOTED_INCLUDE_IN_FRAMEWORK_HEADER = YES;
				CLANG_WARN_RANGE_LOOP_ANALYSIS = YES;
				CLANG_WARN_STRICT_PROTOTYPES = YES;
				CLANG_WARN_SUSPICIOUS_MOVE = YES;
				CLANG_WARN_UNGUARDED_AVAILABILITY = YES_AGGRESSIVE;
				CLANG_WARN_UNREACHABLE_CODE = YES;
				CLANG_WARN__DUPLICATE_METHOD_MATCH = YES;
				COPY_PHASE_STRIP = NO;
				DEBUG_INFORMATION_FORMAT = "dwarf-with-dsym";
				ENABLE_NS_ASSERTIONS = NO;
				ENABLE_STRICT_OBJC_MSGSEND = YES;
				ENABLE_USER_SCRIPT_SANDBOXING = YES;
				GCC_C_LANGUAGE_STANDARD = gnu17;
				GCC_NO_COMMON_BLOCKS = YES;
				GCC_WARN_64_TO_32_BIT_CONVERSION = YES;
				GCC_WARN_ABOUT_RETURN_TYPE = YES_ERROR;
				GCC_WARN_UNDECLARED_SELECTOR = YES;
				GCC_WARN_UNINITIALIZED_AUTOS = YES_AGGRESSIVE;
				GCC_WARN_UNUSED_FUNCTION = YES;
				GCC_WARN_UNUSED_VARIABLE = YES;
				IPHONEOS_DEPLOYMENT_TARGET = 17.4;
				LOCALIZATION_PREFERS_STRING_CATALOGS = YES;
				MTL_ENABLE_DEBUG_INFO = NO;
				MTL_FAST_MATH = YES;
				SDKROOT = iphoneos;
				SWIFT_COMPILATION_MODE = wholemodule;
				VALIDATE_PRODUCT = YES;
			};
			name = Release;
		};
		F9D8646A2C2364F50023043A /* Debug */ = {
			isa = XCBuildConfiguration;
			buildSettings = {
				ASSETCATALOG_COMPILER_APPICON_NAME = AppIcon;
				ASSETCATALOG_COMPILER_GLOBAL_ACCENT_COLOR_NAME = AccentColor;
				CODE_SIGN_STYLE = Automatic;
				CURRENT_PROJECT_VERSION = 1;
				DEVELOPMENT_ASSET_PATHS = "\"Kurland/Preview Content\"";
				DEVELOPMENT_TEAM = 67AYPRFZH8;
				ENABLE_PREVIEWS = YES;
				GENERATE_INFOPLIST_FILE = YES;
				INFOPLIST_FILE = Kurland/Info.plist;
				INFOPLIST_KEY_NSCameraUsageDescription = "Enable the camera to complete the next quest.";
				INFOPLIST_KEY_NSMicrophoneUsageDescription = "Enable the microphone to complete the next quest.";
				INFOPLIST_KEY_NSSpeechRecognitionUsageDescription = "Enable speech recognition to complete the next quest.";
				INFOPLIST_KEY_UIApplicationSceneManifest_Generation = YES;
				INFOPLIST_KEY_UIApplicationSupportsIndirectInputEvents = YES;
				INFOPLIST_KEY_UILaunchScreen_Generation = YES;
				INFOPLIST_KEY_UIRequiresFullScreen = YES;
				INFOPLIST_KEY_UISupportedInterfaceOrientations_iPad = "UIInterfaceOrientationLandscapeLeft UIInterfaceOrientationLandscapeRight";
				LD_RUNPATH_SEARCH_PATHS = (
					"$(inherited)",
					"@executable_path/Frameworks",
				);
				MARKETING_VERSION = 1.0;
				PRODUCT_BUNDLE_IDENTIFIER = kurland.giovana;
				PRODUCT_NAME = "$(TARGET_NAME)";
				SUPPORTED_PLATFORMS = "iphoneos iphonesimulator";
				SUPPORTS_MACCATALYST = NO;
				SUPPORTS_MAC_DESIGNED_FOR_IPHONE_IPAD = NO;
				SUPPORTS_XR_DESIGNED_FOR_IPHONE_IPAD = YES;
				SWIFT_EMIT_LOC_STRINGS = YES;
				SWIFT_VERSION = 5.0;
				TARGETED_DEVICE_FAMILY = 2;
			};
			name = Debug;
		};
		F9D8646B2C2364F50023043A /* Release */ = {
			isa = XCBuildConfiguration;
			buildSettings = {
				ASSETCATALOG_COMPILER_APPICON_NAME = AppIcon;
				ASSETCATALOG_COMPILER_GLOBAL_ACCENT_COLOR_NAME = AccentColor;
				CODE_SIGN_STYLE = Automatic;
				CURRENT_PROJECT_VERSION = 1;
				DEVELOPMENT_ASSET_PATHS = "\"Kurland/Preview Content\"";
				DEVELOPMENT_TEAM = 67AYPRFZH8;
				ENABLE_PREVIEWS = YES;
				GENERATE_INFOPLIST_FILE = YES;
				INFOPLIST_FILE = Kurland/Info.plist;
				INFOPLIST_KEY_NSCameraUsageDescription = "Enable the camera to complete the next quest.";
				INFOPLIST_KEY_NSMicrophoneUsageDescription = "Enable the microphone to complete the next quest.";
				INFOPLIST_KEY_NSSpeechRecognitionUsageDescription = "Enable speech recognition to complete the next quest.";
				INFOPLIST_KEY_UIApplicationSceneManifest_Generation = YES;
				INFOPLIST_KEY_UIApplicationSupportsIndirectInputEvents = YES;
				INFOPLIST_KEY_UILaunchScreen_Generation = YES;
				INFOPLIST_KEY_UIRequiresFullScreen = YES;
				INFOPLIST_KEY_UISupportedInterfaceOrientations_iPad = "UIInterfaceOrientationLandscapeLeft UIInterfaceOrientationLandscapeRight";
				LD_RUNPATH_SEARCH_PATHS = (
					"$(inherited)",
					"@executable_path/Frameworks",
				);
				MARKETING_VERSION = 1.0;
				PRODUCT_BUNDLE_IDENTIFIER = kurland.giovana;
				PRODUCT_NAME = "$(TARGET_NAME)";
				SUPPORTED_PLATFORMS = "iphoneos iphonesimulator";
				SUPPORTS_MACCATALYST = NO;
				SUPPORTS_MAC_DESIGNED_FOR_IPHONE_IPAD = NO;
				SUPPORTS_XR_DESIGNED_FOR_IPHONE_IPAD = YES;
				SWIFT_EMIT_LOC_STRINGS = YES;
				SWIFT_VERSION = 5.0;
				TARGETED_DEVICE_FAMILY = 2;
			};
			name = Release;
		};
		F9D8646D2C2364F50023043A /* Debug */ = {
			isa = XCBuildConfiguration;
			buildSettings = {
				ALWAYS_EMBED_SWIFT_STANDARD_LIBRARIES = YES;
				BUNDLE_LOADER = "$(TEST_HOST)";
				CODE_SIGN_STYLE = Automatic;
				CURRENT_PROJECT_VERSION = 1;
				DEVELOPMENT_TEAM = G657ETJXLM;
				GENERATE_INFOPLIST_FILE = YES;
				IPHONEOS_DEPLOYMENT_TARGET = 17.4;
				MARKETING_VERSION = 1.0;
				PRODUCT_BUNDLE_IDENTIFIER = Giovana.KurlandTests;
				PRODUCT_NAME = "$(TARGET_NAME)";
				SWIFT_EMIT_LOC_STRINGS = NO;
				SWIFT_VERSION = 5.0;
				TARGETED_DEVICE_FAMILY = "1,2";
				TEST_HOST = "$(BUILT_PRODUCTS_DIR)/Kurland.app/$(BUNDLE_EXECUTABLE_FOLDER_PATH)/Kurland";
			};
			name = Debug;
		};
		F9D8646E2C2364F50023043A /* Release */ = {
			isa = XCBuildConfiguration;
			buildSettings = {
				ALWAYS_EMBED_SWIFT_STANDARD_LIBRARIES = YES;
				BUNDLE_LOADER = "$(TEST_HOST)";
				CODE_SIGN_STYLE = Automatic;
				CURRENT_PROJECT_VERSION = 1;
				DEVELOPMENT_TEAM = G657ETJXLM;
				GENERATE_INFOPLIST_FILE = YES;
				IPHONEOS_DEPLOYMENT_TARGET = 17.4;
				MARKETING_VERSION = 1.0;
				PRODUCT_BUNDLE_IDENTIFIER = Giovana.KurlandTests;
				PRODUCT_NAME = "$(TARGET_NAME)";
				SWIFT_EMIT_LOC_STRINGS = NO;
				SWIFT_VERSION = 5.0;
				TARGETED_DEVICE_FAMILY = "1,2";
				TEST_HOST = "$(BUILT_PRODUCTS_DIR)/Kurland.app/$(BUNDLE_EXECUTABLE_FOLDER_PATH)/Kurland";
			};
			name = Release;
		};
		F9D864702C2364F50023043A /* Debug */ = {
			isa = XCBuildConfiguration;
			buildSettings = {
				ALWAYS_EMBED_SWIFT_STANDARD_LIBRARIES = YES;
				CODE_SIGN_STYLE = Automatic;
				CURRENT_PROJECT_VERSION = 1;
				DEVELOPMENT_TEAM = G657ETJXLM;
				GENERATE_INFOPLIST_FILE = YES;
				MARKETING_VERSION = 1.0;
				PRODUCT_BUNDLE_IDENTIFIER = Giovana.KurlandUITests;
				PRODUCT_NAME = "$(TARGET_NAME)";
				SWIFT_EMIT_LOC_STRINGS = NO;
				SWIFT_VERSION = 5.0;
				TARGETED_DEVICE_FAMILY = "1,2";
				TEST_TARGET_NAME = Kurland;
			};
			name = Debug;
		};
		F9D864712C2364F50023043A /* Release */ = {
			isa = XCBuildConfiguration;
			buildSettings = {
				ALWAYS_EMBED_SWIFT_STANDARD_LIBRARIES = YES;
				CODE_SIGN_STYLE = Automatic;
				CURRENT_PROJECT_VERSION = 1;
				DEVELOPMENT_TEAM = G657ETJXLM;
				GENERATE_INFOPLIST_FILE = YES;
				MARKETING_VERSION = 1.0;
				PRODUCT_BUNDLE_IDENTIFIER = Giovana.KurlandUITests;
				PRODUCT_NAME = "$(TARGET_NAME)";
				SWIFT_EMIT_LOC_STRINGS = NO;
				SWIFT_VERSION = 5.0;
				TARGETED_DEVICE_FAMILY = "1,2";
				TEST_TARGET_NAME = Kurland;
			};
			name = Release;
		};
/* End XCBuildConfiguration section */

/* Begin XCConfigurationList section */
		F9D864402C2364F40023043A /* Build configuration list for PBXProject "Kurland" */ = {
			isa = XCConfigurationList;
			buildConfigurations = (
				F9D864672C2364F50023043A /* Debug */,
				F9D864682C2364F50023043A /* Release */,
			);
			defaultConfigurationIsVisible = 0;
			defaultConfigurationName = Release;
		};
		F9D864692C2364F50023043A /* Build configuration list for PBXNativeTarget "Kurland" */ = {
			isa = XCConfigurationList;
			buildConfigurations = (
				F9D8646A2C2364F50023043A /* Debug */,
				F9D8646B2C2364F50023043A /* Release */,
			);
			defaultConfigurationIsVisible = 0;
			defaultConfigurationName = Release;
		};
		F9D8646C2C2364F50023043A /* Build configuration list for PBXNativeTarget "KurlandTests" */ = {
			isa = XCConfigurationList;
			buildConfigurations = (
				F9D8646D2C2364F50023043A /* Debug */,
				F9D8646E2C2364F50023043A /* Release */,
			);
			defaultConfigurationIsVisible = 0;
			defaultConfigurationName = Release;
		};
		F9D8646F2C2364F50023043A /* Build configuration list for PBXNativeTarget "KurlandUITests" */ = {
			isa = XCConfigurationList;
			buildConfigurations = (
				F9D864702C2364F50023043A /* Debug */,
				F9D864712C2364F50023043A /* Release */,
			);
			defaultConfigurationIsVisible = 0;
			defaultConfigurationName = Release;
		};
/* End XCConfigurationList section */

/* Begin XCRemoteSwiftPackageReference section */
		F9D864B02C246C210023043A /* XCRemoteSwiftPackageReference "CodableExtensions" */ = {
			isa = XCRemoteSwiftPackageReference;
			repositoryURL = "https://github.com/rvenieris/CodableExtensions.git";
			requirement = {
				branch = main;
				kind = branch;
			};
		};
		F9D864CA2C2CC98C0023043A /* XCRemoteSwiftPackageReference "aiXplainKit" */ = {
			isa = XCRemoteSwiftPackageReference;
			repositoryURL = "https://github.com/aixplain/aiXplainKit.git";
			requirement = {
				branch = main;
				kind = branch;
			};
		};
/* End XCRemoteSwiftPackageReference section */

/* Begin XCSwiftPackageProductDependency section */
		F9D864B52C247D6D0023043A /* CodableExtensions */ = {
			isa = XCSwiftPackageProductDependency;
			package = F9D864B02C246C210023043A /* XCRemoteSwiftPackageReference "CodableExtensions" */;
			productName = CodableExtensions;
		};
		F9D864CB2C2CC98C0023043A /* aiXplainKit */ = {
			isa = XCSwiftPackageProductDependency;
			package = F9D864CA2C2CC98C0023043A /* XCRemoteSwiftPackageReference "aiXplainKit" */;
			productName = aiXplainKit;
		};
/* End XCSwiftPackageProductDependency section */
	};
	rootObject = F9D8643D2C2364F40023043A /* Project object */;
}
